
Microsoft Visual Studio Solution File, Format Version 12.00
# Visual Studio Version 16
VisualStudioVersion = 16.0.30621.155
MinimumVisualStudioVersion = 10.0.40219.1
Project("{FAE04EC0-301F-11D3-BF4B-00C04F79EFBC}") = "WP_2020_01_HW01_9A713031", "WP_2020_01_HW01_9A713031\WP_2020_01_HW01_9A713031.csproj", "{5BBD5003-015E-43FC-B4B2-6A1CFFB494B4}"
EndProject
Global
	GlobalSection(SolutionConfigurationPlatforms) = preSolution
		Debug|Any CPU = Debug|Any CPU
		Release|Any CPU = Release|Any CPU
	EndGlobalSection
	GlobalSection(ProjectConfigurationPlatforms) = postSolution
		{5BBD5003-015E-43FC-B4B2-6A1CFFB494B4}.Debug|Any CPU.ActiveCfg = Debug|Any CPU
		{5BBD5003-015E-43FC-B4B2-6A1CFFB494B4}.Debug|Any CPU.Build.0 = Debug|Any CPU
		{5BBD5003-015E-43FC-B4B2-6A1CFFB494B4}.Release|Any CPU.ActiveCfg = Release|Any CPU
		{5BBD5003-015E-43FC-B4B2-6A1CFFB494B4}.Release|Any CPU.Build.0 = Release|Any CPU
	EndGlobalSection
	GlobalSection(SolutionProperties) = preSolution
		HideSolutionNode = FALSE
	EndGlobalSection
	GlobalSection(ExtensibilityGlobals) = postSolution
		SolutionGuid = {885317D6-DCD3-4ED7-AD5D-F7D943DB22E3}
	EndGlobalSection
EndGlobal
